
Microsoft Visual Studio Solution File, Format Version 12.00
# Visual Studio 15
VisualStudioVersion = 15.0.27703.2047
MinimumVisualStudioVersion = 10.0.40219.1
Project("{FAE04EC0-301F-11D3-BF4B-00C04F79EFBC}") = "WordSearcher", "WordSearcher\WordSearcher.csproj", "{A573D1E2-3070-4B66-8B59-016DCFFF755C}"
EndProject
Global
	GlobalSection(SolutionConfigurationPlatforms) = preSolution
		Debug|Any CPU = Debug|Any CPU
		Release|Any CPU = Release|Any CPU
	EndGlobalSection
	GlobalSection(ProjectConfigurationPlatforms) = postSolution
		{A573D1E2-3070-4B66-8B59-016DCFFF755C}.Debug|Any CPU.ActiveCfg = Debug|Any CPU
		{A573D1E2-3070-4B66-8B59-016DCFFF755C}.Debug|Any CPU.Build.0 = Debug|Any CPU
		{A573D1E2-3070-4B66-8B59-016DCFFF755C}.Release|Any CPU.ActiveCfg = Release|Any CPU
		{A573D1E2-3070-4B66-8B59-016DCFFF755C}.Release|Any CPU.Build.0 = Release|Any CPU
	EndGlobalSection
	GlobalSection(SolutionProperties) = preSolution
		HideSolutionNode = FALSE
	EndGlobalSection
	GlobalSection(ExtensibilityGlobals) = postSolution
		SolutionGuid = {C4149BD5-E78E-4FD5-8E60-1B352D9054C3}
	EndGlobalSection
EndGlobal
